{
    "hash": "1725425c84993a4bc4e0a1c6f9af7030",
    "packages": [
        {
            "package": "knplabs/gaufrette",
            "version": "dev-master",
            "source-reference": "012d3e3894493162de4e4176b8ed292395a12b2f"
        },
        {
            "package": "symfony/class-loader",
            "version": "dev-master",
            "source-reference": "8bceaa2f1fed52f6285b2cea39e7ae37fbea1c9b"
        },
        {
            "package": "symfony/console",
            "version": "v2.0.10"
        },
        {
            "package": "symfony/process",
            "version": "v2.0.10"
        },
        {
            "package": "symfony/yaml",
            "version": "v2.0.10"
        },
        {
            "package": "yohang/oossh",
            "version": "dev-master",
            "source-reference": "2927dea2ca0853c5ac116940f3e076ba686cde83"
        }
    ],
    "aliases": []
}
