{
    "hash": "1725425c84993a4bc4e0a1c6f9af7030",
    "packages": [
        {
            "package": "knplabs/gaufrette",
            "version": "dev-master",
            "source-reference": "575f2d64974fe95b9197f58899da3be06eb6ffe5"
        },
        {
            "package": "symfony/console",
            "version": "2.0.x-dev",
            "source-reference": "b8b23721c41af153ab2506ddae9d89440ec6a538"
        },
        {
            "package": "symfony/finder",
            "version": "dev-master",
            "source-reference": "57ec7198a70e6c40e450ba66cc2f8ecab98746c8"
        },
        {
            "package": "symfony/process",
            "version": "2.0.x-dev",
            "source-reference": "v2.0.12"
        },
        {
            "package": "symfony/yaml",
            "version": "2.0.x-dev",
            "source-reference": "v2.0.12"
        },
        {
            "package": "yohang/oossh",
            "version": "dev-master",
            "source-reference": "17a6a56f75aeeab665fb1e9443443788758e4c65"
        }
    ],
    "packages-dev": null,
    "aliases": []
}
